{
  "name": "source-mdl",
  "version": "0.0.5",
  "lockfileVersion": 1,
  "requires": true,
  "dependencies": {
    "structron": {
      "version": "0.2.2",
      "resolved": "https://registry.npmjs.org/structron/-/structron-0.2.2.tgz",
      "integrity": "sha512-a3ZsntOHr/Slvon9G+MEDkyMHdr4c4Ddyeg87NNVpd1OElqQXS2TEVumtAK6rguPmQTEkdQ8Jb30+oA3Q9kLQw=="
    }
  }
}
