{
  "name": "source-mdl",
  "version": "0.2.2",
  "lockfileVersion": 1,
  "requires": true,
  "dependencies": {
    "structron": {
      "version": "0.4.3",
      "resolved": "https://registry.npmjs.org/structron/-/structron-0.4.3.tgz",
      "integrity": "sha512-DaDuI2mQy+QjtxQ8/IjTNPI6FLIF0jxqzwhUn9t1iKneV/0ANHkJfqWl/8pPBepNRc6rl46Q+TpQlnKvDm/9rA=="
    }
  }
}
