{
  "name": "source-mdl",
  "version": "0.0.4",
  "lockfileVersion": 1,
  "requires": true,
  "dependencies": {
    "structron": {
      "version": "0.2.0",
      "resolved": "https://registry.npmjs.org/structron/-/structron-0.2.0.tgz",
      "integrity": "sha512-idbIX+uChpSD/zDpCXjD7Lnthkb1P07FkaIzLEfiNrDQC6oQMYKbhqLeow3Dv+S+KnIaChqKbH3kvmIRsWA9bw=="
    }
  }
}
